
Microsoft Visual Studio Solution File, Format Version 12.00
# Visual Studio Version 16
VisualStudioVersion = 16.0.30128.74
MinimumVisualStudioVersion = 10.0.40219.1
Project("{FAE04EC0-301F-11D3-BF4B-00C04F79EFBC}") = "JpgToPdfConverter", "JpgToPdfConverter\JpgToPdfConverter.csproj", "{A54F4946-F9AA-46B2-AC90-266FB71693A2}"
EndProject
Global
	GlobalSection(SolutionConfigurationPlatforms) = preSolution
		Debug|Any CPU = Debug|Any CPU
		Release|Any CPU = Release|Any CPU
	EndGlobalSection
	GlobalSection(ProjectConfigurationPlatforms) = postSolution
		{A54F4946-F9AA-46B2-AC90-266FB71693A2}.Debug|Any CPU.ActiveCfg = Debug|Any CPU
		{A54F4946-F9AA-46B2-AC90-266FB71693A2}.Debug|Any CPU.Build.0 = Debug|Any CPU
		{A54F4946-F9AA-46B2-AC90-266FB71693A2}.Release|Any CPU.ActiveCfg = Release|Any CPU
		{A54F4946-F9AA-46B2-AC90-266FB71693A2}.Release|Any CPU.Build.0 = Release|Any CPU
	EndGlobalSection
	GlobalSection(SolutionProperties) = preSolution
		HideSolutionNode = FALSE
	EndGlobalSection
	GlobalSection(ExtensibilityGlobals) = postSolution
		SolutionGuid = {CEB9DCB5-B2A7-4566-80EE-267F097E8C44}
	EndGlobalSection
EndGlobal
